{
  "nodes": {
    "dottor": {
      "inputs": {
        "fenix": [
          "fenix"
        ],
        "flake-utils": [
          "flake-utils"
        ],
        "nixpkgs": [
          "nixpkgs"
        ]
      },
      "locked": {
        "lastModified": 1668455883,
        "narHash": "sha256-Dye4We68jnQ1jmx8rJ6eddIFC5Rt22VWcs0VZC1xhRo=",
        "owner": "CozyPenguin",
        "repo": "dottor",
        "rev": "6a20e55265011b41053a9499fa99b9508ea1dda5",
        "type": "github"
      },
      "original": {
        "owner": "CozyPenguin",
        "repo": "dottor",
        "type": "github"
      }
    },
    "fenix": {
      "inputs": {
        "nixpkgs": [
          "nixpkgs"
        ],
        "rust-analyzer-src": "rust-analyzer-src"
      },
      "locked": {
        "lastModified": 1668580031,
        "narHash": "sha256-0xK/6jYVqo2myOZVcXW6p3EQgQ2zle+zmFPqCYnjnSo=",
        "owner": "nix-community",
        "repo": "fenix",
        "rev": "5f419f79392effdb01e171df850fe2ebaa0584f6",
        "type": "github"
      },
      "original": {
        "owner": "nix-community",
        "repo": "fenix",
        "type": "github"
      }
    },
    "flake-utils": {
      "locked": {
        "lastModified": 1667395993,
        "narHash": "sha256-nuEHfE/LcWyuSWnS8t12N1wc105Qtau+/OdUAjtQ0rA=",
        "owner": "numtide",
        "repo": "flake-utils",
        "rev": "5aed5285a952e0b949eb3ba02c12fa4fcfef535f",
        "type": "github"
      },
      "original": {
        "owner": "numtide",
        "repo": "flake-utils",
        "type": "github"
      }
    },
    "nixpkgs": {
      "locked": {
        "lastModified": 1668417584,
        "narHash": "sha256-yeuEyxKPwsm5fIHN49L/syn9g5coxnPp3GsVquhrv5A=",
        "owner": "NixOS",
        "repo": "nixpkgs",
        "rev": "013fcdd106823416918004bb684c3c186d3c460f",
        "type": "github"
      },
      "original": {
        "owner": "NixOS",
        "ref": "nixos-unstable",
        "repo": "nixpkgs",
        "type": "github"
      }
    },
    "root": {
      "inputs": {
        "dottor": "dottor",
        "fenix": "fenix",
        "flake-utils": "flake-utils",
        "nixpkgs": "nixpkgs"
      }
    },
    "rust-analyzer-src": {
      "flake": false,
      "locked": {
        "lastModified": 1668513567,
        "narHash": "sha256-13InfXUmulMYDa8wmQ2MRzqjuNcmjAqmpc2cnVCiRg8=",
        "owner": "rust-lang",
        "repo": "rust-analyzer",
        "rev": "0dd0dfb7dfe723bbfa81197c23d73c9bdc4022c1",
        "type": "github"
      },
      "original": {
        "owner": "rust-lang",
        "ref": "nightly",
        "repo": "rust-analyzer",
        "type": "github"
      }
    }
  },
  "root": "root",
  "version": 7
}
